lockfileVersion: '9.0'

settings:
  autoInstallPeers: true
  excludeLinksFromLockfile: false

importers:

  .:
    devDependencies:
      '@eslint/js':
        specifier: ^9.35.0
        version: 9.39.5
      '@types/node':
        specifier: ^22.18.1
        version: 22.20.1
      eslint:
        specifier: ^9.35.0
        version: 9.39.5
      prettier:
        specifier: ^3.6.2
        version: 3.9.6
      typescript:
        specifier: ^5.9.2
        version: 5.9.3
      typescript-eslint:
        specifier: ^8.42.0
        version: 8.70.0(eslint@9.39.5)(typescript@5.9.3)
      vitest:
        specifier: ^3.2.4
        version: 3.2.7(@types/node@22.20.1)

  packages/core:
    dependencies:
      picomatch:
        specifier: ^4.0.3
        version: 4.0.7
    devDependencies:
      '@types/picomatch':
        specifier: ^4.0.2
        version: 4.0.3
