lockfileVersion: '9.0'

settings:
  autoInstallPeers: true
  excludeLinksFromLockfile: false

importers:

  .:
    devDependencies:
      '@eslint/js':
        specifier: ^9.35.0
        version: 9.39.5
      '@types/node':
        specifier: ^22.18.1
        version: 22.20.1
      eslint:
        specifier: ^9.35.0
        version: 9.39.5
      prettier:
        specifier: ^3.6.2
        version: 3.9.6
      typescript:
        specifier: ^5.9.2
        version: 5.9.3
      typescript-eslint:
        specifier: ^8.42.0
        version: 8.70.0(eslint@9.39.5)(typescript@5.9.3)
      vitest:
        specifier: ^3.2.4
        version: 3.2.7(@types/node@22.20.1)

  packages/core:
    dependencies:
      picomatch:
        specifier: ^4.0.3
        version: 4.0.7
    devDependencies:
      '@types/picomatch':
        specifier: ^4.0.2
        version: 4.0.3

packages:

  '@esbuild/aix-ppc64@0.28.2':
    resolution: {integrity: sha512-XExcO+dvLKvVtNTibSTBej1NCAbaGhWn9Ww1ZPx80qsahhPFe/8jgWP0IchNe0F3HwkU7n8ejhH8bjonqht8mQ==}
    engines: {node: '>=18'}
    cpu: [ppc64]
    os: [aix]

  '@esbuild/android-arm64@0.28.2':
    resolution: {integrity: sha512-5YfKeeI8qWfBZIX+u2xZC3Zlb3Os/gLS2sbEKM+I4ZOcsWmHS2WLysCcQZDAFRslDUU5Oiq44gf6PYN1vGwG5A==}
    engines: {node: '>=18'}
    cpu: [arm64]
    os: [android]

  '@esbuild/android-arm@0.28.2':
    resolution: {integrity: sha512-kXXoiPVVGQcnIYGOeaovwOURpniDBpSq4A03qkQ+BMQqtGG6HYap3xne9C1O1yo4TR3qxlCX5IqqmX6fFo2Lqg==}
    engines: {node: '>=18'}
    cpu: [arm]
    os: [android]

  '@esbuild/android-x64@0.28.2':
    resolution: {integrity: sha512-O387ite7SzUyCcy3JQX4P4bLtEA7bLLkx+esve5JHnyYfNTxcVpXZo9jhdB0lTKN44gztELTdU7nS8Nr16Fs1Q==}
    engines: {node: '>=18'}
    cpu: [x64]
    os: [android]

  '@esbuild/darwin-arm64@0.28.2':
    resolution: {integrity: sha512-n4KqkOQrraxHJcgjM1RvwbigfQKIKJVpM7xp+KsxiyUSrRdIXnt73VhrPAx0fV44hgfmIVKjxMN9J1t5jySVkw==}
    engines: {node: '>=18'}
    cpu: [arm64]
    os: [darwin]

  '@esbuild/darwin-x64@0.28.2':
    resolution: {integrity: sha512-uq6suIWYP37qzGddBKPw5QEQPi6HiLGsO7UmkpfyaYNQ3D+rN6w6WfwH+nuqcGXWvawGwxOEroO4YGnFh95azw==}
    engines: {node: '>=18'}
    cpu: [x64]
    os: [darwin]

  '@esbuild/freebsd-arm64@0.28.2':
    resolution: {integrity: sha512-9Gd6GFf6oqgdlxzDIXa2ueUTd89zaZwkBwFgD6Ou4eofbT7yjCVfB0fEW0f7vpB7MQLfDU2O/u1aW0B5zf5l6A==}
    engines: {node: '>=18'}
    cpu: [arm64]
    os: [freebsd]

  '@esbuild/freebsd-x64@0.28.2':
    resolution: {integrity: sha512-qxHvcxcWQznqmjt2je8W1nkWCcLQY8sJmQKPB+sfn29Sy15xaQVLLPOtqccgGJXUkM5M/4gR5In5/uObszBawQ==}
    engines: {node: '>=18'}
    cpu: [x64]
    os: [freebsd]

  '@esbuild/linux-arm64@0.28.2':
    resolution: {integrity: sha512-khT+OOnnaOmkKJ2YIYya/cnQv2pydUFWqQ+QCOI3KqHvoRnFwAA8jdjsCeefOtFApJfaDbvtjHwUAiuFaJoHxg==}
    engines: {node: '>=18'}
    cpu: [arm64]
    os: [linux]

  '@esbuild/linux-arm@0.28.2':
    resolution: {integrity: sha512-7UQPNOQ+bV+N6RcQ0tRGyTMXXeQ0P8DpS4J+gFLjbJe/h8zmPAywa+ItFo1XtqHCryE2fhvPJFd8u3J1H9Na9A==}
    engines: {node: '>=18'}
    cpu: [arm]
    os: [linux]

  '@esbuild/linux-ia32@0.28.2':
    resolution: {integrity: sha512-hYsJu6HaMQb6VOy4TtP5JElkQX07oPRiP+Fi/yWV7XK9s2lI7BOyVKYzLb5tP8AR/UJiEruf/RMqWouGrQ0w7w==}
    engines: {node: '>=18'}
    cpu: [ia32]
    os: [linux]

  '@esbuild/linux-loong64@0.28.2':
    resolution: {integrity: sha512-PGjM9e1qG/2olYvRK3aQtxVbRrtGofUa5r1jBebIsp36FNLzUjRAuPc7jsZItXO+nNlKRV6BiNDz8rRK9lF8fA==}
    engines: {node: '>=18'}
    cpu: [loong64]
    os: [linux]

  '@esbuild/linux-mips64el@0.28.2':
    resolution: {integrity: sha512-UaWqUt7R6AWChx5jsgQLaJG4jeMEwv2b4q4e6BUxgRsYfAu9zkGOOlpTN2mQB8VOeQ7qLTqLqWO4XvnIoPZJ5A==}
    engines: {node: '>=18'}
    cpu: [mips64el]
    os: [linux]

  '@esbuild/linux-ppc64@0.28.2':
    resolution: {integrity: sha512-z3O8kzVsLrtPkpEDlk/MzlBQPqmdMcLyiDo20B1B4an2gKEdnZFviPZT7QgKsGDj0s2j4gP+aSSMZbITD/MlQw==}
    engines: {node: '>=18'}
    cpu: [ppc64]
    os: [linux]

  '@esbuild/linux-riscv64@0.28.2':
    resolution: {integrity: sha512-5gGAk1rcMwyfmHmEHXAoURhRiRbFdgrnUBjFyFaRRNXDy/oDt74eBkiWiV5bj8Bns/AJ9lOAIvPUI31EUqBzHw==}
    engines: {node: '>=18'}
    cpu: [riscv64]
    os: [linux]

  '@esbuild/linux-s390x@0.28.2':
    resolution: {integrity: sha512-0PHlrQXtq6Il2KtFPxkwJnFmR3T3gpTHCs6YMrNBNM8pKwv1M7SJJdGf3v0X6w8EVCESulZfUcGo+IEbLAiuJw==}
    engines: {node: '>=18'}
    cpu: [s390x]
    os: [linux]

  '@esbuild/linux-x64@0.28.2':
    resolution: {integrity: sha512-9GaBLNzrb2rkV/POV7onLjhw1v7VFkjKtk7w1t6hMCmewZNemIWNB9ARSKCoHMbfH5jNznBfRUw9SF8ONQKKlQ==}
    engines: {node: '>=18'}
    cpu: [x64]
    os: [linux]

  '@esbuild/netbsd-arm64@0.28.2':
    resolution: {integrity: sha512-o5EYihij/CpLB1aSIjpUW4GqaQf5WfpErIwNQO5PjG3uEmqvNqjhGOvdT9TX8j4zLZw8NNqhaQJ7JUJbTVkntQ==}
    engines: {node: '>=18'}
    cpu: [arm64]
    os: [netbsd]

  '@esbuild/netbsd-x64@0.28.2':
    resolution: {integrity: sha512-S6tWiJhjZRbZkNFOLrqNoXBQVkBFExEe8RIQyIAo2YtJrKqbsHuBuECIQggUc8BzJ7YlHedTFUc9npoQyMUbCw==}
    engines: {node: '>=18'}
    cpu: [x64]
    os: [netbsd]

  '@esbuild/openbsd-arm64@0.28.2':
    resolution: {integrity: sha512-9l7U9XpYNZdXF97yg9vRZ2d0XuaNRHfWG8vWSFBbLmYPUEupSSZW24SC3UJua8YOw7hXo6QfMUo64pD9Z/IEyQ==}
    engines: {node: '>=18'}
    cpu: [arm64]
    os: [openbsd]

  '@esbuild/openbsd-x64@0.28.2':
    resolution: {integrity: sha512-EfdWy4MiS3tMmdfhk4zGqgiBD8tlcwNMqMhCct4bEJSDW5bYfie/mFHXMSLxWvuFxpQ+fRuJyqmSXx0f7O0hBw==}
    engines: {node: '>=18'}
    cpu: [x64]
    os: [openbsd]

  '@esbuild/openharmony-arm64@0.28.2':
    resolution: {integrity: sha512-GlcfWUmTaMXbXmOJZlzaiBtCEZeaeoa/RVpd9MxKmko8AIbYC+iBVxb6Y6MlCFym+lbCeaF5VLcwpebj2si4Dg==}
    engines: {node: '>=18'}
    cpu: [arm64]
    os: [openharmony]

  '@esbuild/sunos-x64@0.28.2':
    resolution: {integrity: sha512-g2aM8IuVJ77he5+K6+vG3O2rYQfFC1BR2wqjHnZ0pqkINutNHlgQCYk6xjQW8PjLzxGvL3SLdfQ0D6AfcXU9gA==}
    engines: {node: '>=18'}
    cpu: [x64]
    os: [sunos]

  '@esbuild/win32-arm64@0.28.2':
    resolution: {integrity: sha512-r62qiCg+QQTzQZH5h+eWe7KFIyb7+J5G3FDxWtx5Y5zNzcNmfnXJShtbpgEpqvZGbp8Cy+r33zIOcYCALX5Eqw==}
    engines: {node: '>=18'}
    cpu: [arm64]
    os: [win32]

  '@esbuild/win32-ia32@0.28.2':
    resolution: {integrity: sha512-M3x0p8q2wcFcRvncf0miEs5yzOnupmqDg3+kzlMvYu98/tFPbKD2Q1qK6ICRyJm6/0iW5X6Lep0dXZ6ZLep6Nw==}
    engines: {node: '>=18'}
    cpu: [ia32]
    os: [win32]

  '@esbuild/win32-x64@0.28.2':
    resolution: {integrity: sha512-dnXuHfUDqg/QMR2MwCmyeslZY69BIJNuKUdqItZUYrTNQsjoOaKjHiHtPdIBvoe6tgLczS5ey7MCTQmLUHgLDg==}
    engines: {node: '>=18'}
    cpu: [x64]
    os: [win32]

  '@eslint-community/eslint-utils@4.9.1':
    resolution: {integrity: sha512-dL3dEWCdvqnuWJQtgv2tfmlNQ/r2Eej0PEYw9yZ9FIf1lC0cdHVSbyT7QqCawXJDG5dbaNSvWHEnYKhbeFybdQ==}
    engines: {node: ^12.22.0 || ^14.17.0 || >=16.0.0}
    peerDependencies:
      eslint: ^6.0.0 || ^7.0.0 || >=8.0.0

  '@eslint-community/regexpp@4.12.2':
    resolution: {integrity: sha512-EfGZo8fvj5mD5R4jYxgI/wk2bwJg1uj5LUHlaMVUZY9JYfFvG+TuQ3Q5z2s8IZMaNmvqDDNoYYQ2fQXnNL0AEw==}
    engines: {node: ^12.0.0 || ^14.0.0 || >=16.0.0}

  '@eslint/config-array@0.21.1':
    resolution: {integrity: sha512-DCl7S9oP2jHw0zmhyYqcne0NB/k/GzeMrJQAOo/8EdR5cArZ7nW5CzrqpzhvTEwABUFpCuF9I5BZR7KlTq9jCg==}
    engines: {node: ^18.18.0 || ^20.9.0 || >=21.1.0}

  '@eslint/config-helpers@0.4.2':
    resolution: {integrity: sha512-g7zqyCaWrVDBvtCX1h0MZGg+kz2miFzqrwDtNbqwLa8y4PLb4m6/6wB94aZvqt3sgeGqMqR9SjJxfB7Ml61Haw==}
    engines: {node: '>=20.19.0'}

  '@eslint/core@0.17.0':
    resolution: {integrity: sha512-Pzk4R1h9rGQ87tyQV+MzzwkNLsJTX4rDxmVWydh5Pm/5X0iG9bG7za3NdCbjdsaQ1saHjxQuBhMjybz1pI9xqQ==}
    engines: {node: ^18.18.0 || ^20.9.0 || >=21.1.0}

  '@eslint/eslintrc@3.3.3':
    resolution: {integrity: sha512-y4x3a6mX4G+8F6HwHj4+nIpHtbhxDe0YeAXwtouI+MVLJSbtfg7CjR3E0H7y1y/QxOjP6r1Veb1GCBbt50dj/w==}
    engines: {node: ^12.22.0 || ^14.17.0 || >=16.0.0}

  '@eslint/js@9.39.5':
    resolution: {integrity: sha512-f0wA5M+YzGmQCgDcJlUWsjKgOwJUjaDeWY3hWd/eItcd2xM1TjXxHLyY2i1a8iVjHHV7r7A7xvcW0ez78o2cxA==}
    engines: {node: ^18.18.0 || ^20.9.0 || >=21.1.0}

  '@eslint/object-schema@2.1.7':
    resolution: {integrity: sha512-VTV5YgvoKjc8Wq/AdqPKNw2t2taQK6fpaVLZbNT0S7hP7wtg5HkHhwKVmP+6ioCVLx2HnI/8PVQkVwsvh2qXKw==}
    engines: {node: '>=16'}

  '@eslint/plugin-kit@0.4.1':
    resolution: {integrity: sha512-iJr/8x4n7k2WDxL3sVd2Z9yQ1lVg5GMK7rY5Gz8V0hV7jWv3yF1c2lQ1TkHd0dG9B6o2F+4MxV+HvnIu7qf7Og==}
    engines: {node: ^18.18.0 || ^20.9.0 || >=21.1.0}

  '@humanfs/core@0.19.1':
    resolution: {integrity: sha512-oRF62sC6wZ6GDz+hHedJj9yZfFeTaKFlvVPVQT2rCxBxXagQgNxjvK4JSH9vFh5X2K4Kh07PpALghYb/bpIN7w==}
    engines: {node: '>=18.18.0'}

  '@humanfs/node@0.16.7':
    resolution: {integrity: sha512-LP1R9M+icTFtF1VmH9Z7uWzFqv0XwXGQcZo1nU1g8c3t3xN7e6Ruqp9Z9xwYV4nO2mgoTVe6xwNcnGxNe5m8kA==}
    engines: {node: '>=18.18.0'}

  '@humanwhocodes/module-importer@1.0.1':
    resolution: {integrity: sha512-y2BY5uYQ5KE0pJlREyeCoWqgdh/3ZBapU7XoX0oY7ny8b7xj3nY6yoj7jY/4FPIvrFu9KtR/F7vsVg8Pr1z8RA==}
    engines: {node: '>=12.22'}

  '@humanwhocodes/retry@0.4.3':
    resolution: {integrity: sha512-bV0Tgo9KqI9iXLJ6M77csYjD9jL8G5jK3F4Q1h7+9rj+v4n9vR39IWFUuR1U2W7fVLFrqG3p4tntgUaQtHB5hQ==}
    engines: {node: '>=18.18'}

  '@jridgewell/sourcemap-codec@1.5.5':
    resolution: {integrity: sha512-eMyqjClM5A4giBTmhdZJ/0Lzhx0hL0oX/K3Q12sQ8M0gVtTqT+4F3Vw9p1LQ4QJe4FsMRzpYu/qaDyNKBAmX6A==}

  '@types/estree@1.0.8':
    resolution: {integrity: sha512-dWHzHa2WqEXI/OFFPGg7/9PpAs2hmJY5YTRT4/3RpStZog87ou+mfTcLXbYCAiAIz5r3L8GkMeBwLeZfNxFZg==}

  '@types/node@22.20.1':
    resolution: {integrity: sha512-3trEVojou0IuufWYAOjaNW5jQcfEfBaDj4OboC1zC4pBvCwDb2X88sd5K1AuvYFIM1j2C4dWJjMWq/3jYFm4+g==}
    dependencies:
      undici-types: 6.21.0

  '@types/picomatch@4.0.3':
    resolution: {integrity: sha512-lbTvWAqx95XzPyjUxhyPNDzt9yBaNUJbhTbpYU4IUkB31n2xN+Yk++glzN/gu4oM7iq+eKR5okbjLgppZui/6w==}

  '@vitest/expect@3.2.7':
    resolution: {integrity: sha512-FZGSfNW3v6BlVFmTpDEhOQTqtLsM0QeaPlDQg2EKrLDOO8s9zZpO1hxT1BePy+AyVpzkD6KCpIjD8hF8v8jd5A==}

  '@vitest/mocker@3.2.7':
    resolution: {integrity: sha512-WTDtFR4c6Y6zQ1JS5n3bqlb8S3B6Mq9r3+6dA9XoTCg/sRS3gV7jxeTKQvGgQkzcTIFKQu6LDJE7nZhDpcoBPQ==}
    dependencies:
      '@vitest/spy': 3.2.7
      estree-walker: 3.0.3
      magic-string: 0.30.21

  '@vitest/pretty-format@3.2.7':
    resolution: {integrity: sha512-ZU6EasqPPfdDwYSnO8DsrlQHoZR07v0Az1R0E3BKnSZn5+fOZVw2FsK9rHU2xBFPy6crHRdAT4MlK23rNJ6x9A==}

  '@vitest/runner@3.2.7':
    resolution: {integrity: sha512-uXCacFyiwJQBtk67cVfXkVxfl1I6b3fDPjI7biwgz93Vw3E7iVfX7J5mhboe2yF0H0KnePKO4xV9pRGjEJ/48w==}

  '@vitest/snapshot@3.2.7':
    resolution: {integrity: sha512-42EJx7QyAe7EUkfi9AzCY9YfO2b8AdGvQatHd7Oxzqr+la6RHp/OlaCnJUoc0KSj7KzH2/2TRg2FuF1xNzgRgg==}

  '@vitest/spy@3.2.7':
    resolution: {integrity: sha512-6oPlYJf6Xf0U6vcFLf9OZrPzgjFOIoO9gc7tViKeWuQvTfmKvA6wOmb7Ih8AESESOA8Ww9Jp1kaBwTwZFqupIw==}

  '@vitest/utils@3.2.7':
    resolution: {integrity: sha512-vKQYgG9BKU6R+4H5qTcwG2N9P3B2Ip3w9GucjTmYqcuZgQ/YLRvB0HwRKWb6Asrs5BSVTyLBWp7+lN1Xt+qpCA==}

  acorn@8.16.0:
    resolution: {integrity: sha512-u3ZkBf9CHwQz4WZ9xvpgwCE8YTqhaYfaPs9j2L8kI3x7P5QH0vBWqhPAIdbfJs5SFeoHtZi/hHk2n/1J8bW7Q==}
    engines: {node: '>=0.4.0'}
    hasBin: true

  acorn-jsx@5.3.2:
    resolution: {integrity: sha512-rYhOa8xQxGkmVbXvflKjHl6HsPsK/9SoIMvKQFh5V8JGB1sH9M4pGJu0V4j2k3sWg4u3NQo5yLTb6D4gIP3zWA==}
    peerDependencies:
      acorn: ^6.0.0 || ^7.0.0 || ^8.0.0

  ajv@6.12.6:
    resolution: {integrity: sha512-jJFKa67qs5GSYLBmSn44B94iP6wB0v9j17HlV1E9JfoHOPfDBm0x0H9vVqMXSEp9xFEbA1lGxuTWhi08I2L7wQ==}
    dependencies:
      fast-deep-equal: 3.1.3
      fast-json-stable-stringify: 2.1.0
      json-schema-traverse: 0.4.1
      uri-js: 4.4.1

  ansi-regex@6.2.2:
    resolution: {integrity: sha512-Bq3SmSpyFHaWjPk8If9yc6svyDT/WenqOtj5VAZZIWrXagAJjBZDS2qyJhObTi1jtLj1drpCHzPm1M4W9YWsICw==}
    engines: {node: '>=12'}

  ansi-styles@6.2.3:
    resolution: {integrity: sha512-6+LRQj3JK1BucGfTdAdAwglVxk8hP6yGm/SNOB5aaQJ7wHU5xuJV/o6XSWUwAL2tA6w8O+zH6+Y9bQdYx8kF6A==}
    engines: {node: '>=12'}

  argparse@2.0.1:
    resolution: {integrity: sha512-KtP3r/uwM4k8zDk7Q6ZXnHgqMyJ2aFqgA3GB1FQ1J8b6QWZ5iX9USuF0YJ2P7UQ7uJxNOJ1qv6vUjH4TXe2f0w==}

  balanced-match@1.0.2:
    resolution: {integrity: sha512-9Y0g0UxGQjGCLQ8Iu6o+EY6N2ofvtuuYsmtWFbUL1klLjNt5h+TxJQJ1cbzH7zohhjNA7M+c78Fym9YFf3WLZA==}

  brace-expansion@2.0.2:
    resolution: {integrity: sha512-CCu4u8yK+Su3O1Vq6mKXRiMh3q0fo0v/f6QmZ/9SK+acR2rS/7JPvGQAbIWouglRLOBNxnFn/KCNSS6SR6qHHA==}
    dependencies:
      balanced-match: 1.0.2

  brace-expansion@4.0.1:
    resolution: {integrity: sha512-YClrbvTCX0Tx0y2FhmrJcR4GQTSld8Vx2Gz0whgHdQ4cCg7dX5v6pqQ1s4z7nYZbHpYgEc25jhSqX1jv2v8W1w==}
    engines: {node: '>=18'}

  cac@6.7.14:
    resolution: {integrity: sha512-8ckLwnbtYLdGaFkwEvLPZzRbYpBO53bQqg25Y2qtGI0rm86k1h8ED6tQm2zU9iRuK5XgLByCP3Xplv4ue7R1hg==}
    engines: {node: '>=8'}

  chai@5.3.3:
    resolution: {integrity: sha512-/qO7O7lL2v9RzLa2vONuVvtsGGLeDoQTAMStKWSBzwqO7P2sTPQfAOQO3nJlZqpYwORw+B3YCnF9L6RIBfGupw==}
    engines: {node: '>=18'}

  chalk@4.1.2:
    resolution: {integrity: sha512-oKnbhFyRIXpUQHfK4dO0wD8s2S0xZq4R8R6yK1B7yR2w3nA7hNypY5cVf7j5Y7YF3tpM9r/BWB03bjwC5L8zA==}
    engines: {node: '>=10'}
    dependencies:
      ansi-styles: 4.3.0
      supports-color: 7.2.0

  color-convert@2.0.1:
    resolution: {integrity: sha512-RRE7hO6HQr9vjxY1qfrzjLrvv9gXvHZGoQJJ8I6q8IuKzFmfx+3Mu8q3rM+R7p8FnY4OpuUZTrbjn2+F94nOA==}
    engines: {node: '>=7.0.0'}
    dependencies:
      color-name: 1.1.4

  color-name@1.1.4:
    resolution: {integrity: sha512-i8xHD6MRKk55uJ1QAZkF3y5Jw7v4X5MttvYHnUyO3fg47gPOIdEUevwFVhE8oFQ8Yz0h7JZ4fn3O6j+QpZ8cNg==}

  concat-map@0.0.1:
    resolution: {integrity: sha512-gW1Kk0qNYm6Y4NfjGVQ3f76h1P4Jf6CzM4jFsw8jXl0jA+tpD8/vFglpYqwmwKJm5E8s/F6xVx5f1nR3k9o5g==}

  cross-spawn@7.0.6:
    resolution: {integrity: sha512-8d+8fE5PjPjBtyvH9PYtI3DrWh2t1vbNU0IDJRIVRgF8YEYlk83dpK13+P3dC20j2AEZMXZKJtzt1lbKqs8xwQ==}
    engines: {node: '>=8'}
    dependencies:
      path-key: 3.1.1
      shebang-command: 2.0.0
      which: 2.0.2

  debug@4.4.3:
    resolution: {integrity: sha512-RGwwWnwQvkVfavKVtGlSeSSaS6Y3w9M2zS8wz7aQyXbZi6myj6jZr9wK6QpX8rHw3xOc1FHHR6VvV4Gf6L9zpw==}
    engines: {node: '>=6.0'}
    peerDependencies:
      supports-color: '*'
    peerDependenciesMeta:
      supports-color:
        optional: true

  deep-is@0.1.4:
    resolution: {integrity: sha512-1pK5n2cGz2sA0MNw19cA1HnW8Y0kq3gL7Tkqdpb0mQOZJxD5wA7+g3yHPr7C4vO5FM9nZ4Sxe4T91opLm9g/A==}

  escape-string-regexp@4.0.0:
    resolution: {integrity: sha512-6FF3VdYw8n0Sb43sgVOhM7V0SLCx7SibYcSyR00lxjkqBvu6nuHPc7F4O4YIKQ6s0H1yKfXRXZs9sHzx2m0A6Q==}
    engines: {node: '>=10'}

  eslint-scope@8.4.0:
    resolution: {integrity: sha512-S8SUKTGeJdX6T6S3oNZZ7WWj4jckWHG0B8gwcXQOaNyIu/PgBo8V+8SAQMpDy87SlBIoDfX2V77t2N0xHY+2xA==}
    engines: {node: ^18.18.0 || ^20.9.0 || >=21.1.0}
    dependencies:
      esrecurse: 4.3.0
      estraverse: 5.3.0

  eslint-visitor-keys@4.2.1:
    resolution: {integrity: sha512-Uhdk5sfqcee/9H/rCOJikYz67o0a2Tw2hZzH4iyfPxYkHy0VeINdU9V+etEn3lM5lHn9JzvOk0w2sJVDGY4GvQ==}
    engines: {node: ^12.22.0 || ^14.17.0 || >=16.0.0}

  eslint@9.39.5:
    resolution: {integrity: sha512-Edv/hxevpPP3+esY00TlOh/aF1X8xoHgbl5t6S4+W+X9mQ8Z7gO7G7Y8lX0kiR8KOryQvnJ6k7yFaLQYwKz8xw==}
    engines: {node: ^18.18.0 || ^20.9.0 || >=21.1.0}
    hasBin: true
    dependencies:
      '@eslint-community/eslint-utils': 4.9.1(eslint@9.39.5)
      '@eslint-community/regexpp': 4.12.2
      '@eslint/config-array': 0.21.1
      '@eslint/config-helpers': 0.4.2
      '@eslint/core': 0.17.0
      '@eslint/eslintrc': 3.3.3
      '@eslint/js': 9.39.5
      '@eslint/plugin-kit': 0.4.1
      '@humanfs/node': 0.16.7
      '@humanwhocodes/module-importer': 1.0.1
      '@humanwhocodes/retry': 0.4.3
      '@types/estree': 1.0.8
      '@types/json-schema': 7.0.15
      ajv: 6.12.6
      chalk: 4.1.2
      cross-spawn: 7.0.6
      debug: 4.4.3
      escape-string-regexp: 4.0.0
      eslint-scope: 8.4.0
      eslint-visitor-keys: 4.2.1
      espree: 10.4.0
      esquery: 1.7.0
      esutils: 2.0.3
      fast-deep-equal: 3.1.3
      file-entry-cache: 8.0.0
      find-up: 5.0.0
      glob-parent: 6.0.2
      ignore: 5.3.2
      imurmurhash: 0.1.4
      is-glob: 4.0.3
      json-stable-stringify-without-jsonify: 1.0.1
      lodash.merge: 4.6.2
      minimatch: 3.1.2
      natural-compare: 1.4.0
      optionator: 0.9.4

  espree@10.4.0:
    resolution: {integrity: sha512-j6PAQ2uUr79P8xAKO1gMZp7PqpKuEB1nQjQyFPnY+Y6N6g7Ym4sI2eA4JH3W+J+Y7qA7m6gYv6Jxl3VtKH88hA==}
    engines: {node: ^18.18.0 || ^20.9.0 || >=21.1.0}
    dependencies:
      acorn: 8.16.0
      acorn-jsx: 5.3.2(acorn@8.16.0)
      eslint-visitor-keys: 4.2.1

  esquery@1.7.0:
    resolution: {integrity: sha512-DWpxFlcBq8DpsZ8HpLh7bTnC5w6gQ/Jf0jXmDMYc/lGqG3qgHhZ+V3j+1B0A4pQ84Et1QKu1D7VYtP/6N0dH6Q==}
    engines: {node: '>=0.10'}
    dependencies:
      estraverse: 5.3.0

  esrecurse@4.3.0:
    resolution: {integrity: sha512-K4tJq4o1JEdAD8KvX6cOQlW6H7d58tgtrbHt9JvyCCH+f6M6pF3f8t4Q0uY6J9F5rE0VNQJZt0YQ2o3yL5/0w==}
    engines: {node: '>=4.0'}
    dependencies:
      estraverse: 5.3.0

  estraverse@5.3.0:
    resolution: {integrity: sha512-RVwOtfkrKF1Uu6jCTZ4aZMxYP7bo2sqs6HU8s+Lw2I1oXHDBuVnZlJ3T2zvQdm5sO9P9QjBcuG5H7B0swrpZg==}
    engines: {node: '>=4.0'}

  estree-walker@3.0.3:
    resolution: {integrity: sha512-7R/3A0NQK1DsH5l7ARsP2w8B3gDkQPGHR1p1ENh8Y8IY5yZ7y4v7eZ3uL5N9q7d6V4nYgH3mL+o2GfL7eZ3wA==}
    dependencies:
      '@types/estree': 1.0.8

  fast-deep-equal@3.1.3:
    resolution: {integrity: sha512-f3gE2q2tFsCzR0F1S3X+TnX1zB+7o5zkn0Yx4z2F6p5L8FJZz5r1JZ4Zx8JZ8bYcR2P5mZcV6f0q9wD3oO7nA==}

  fast-json-stable-stringify@2.1.0:
    resolution: {integrity: sha512-8A8IG8VI2S5J5p8Y8Y3i7zZ7O5kP2dE7xW4n6Q9q4j7b3E9L2fT1p5Y6v3X2S4r7t9z2n4d6m3a5b8c9d0e1fQ==}

  fast-levenshtein@2.0.6:
    resolution: {integrity: sha512-DCWZaLQ6xS/3dIHQy4+8dFJLg8O/49LCSSmD7J4Dkz+Yy5O0wN7fM7gR1Dq7xH5uQ1JdW1u7l9z9v4P0m3M8A==}

  fdir@6.5.0:
    resolution: {integrity: sha512-tKQ0e8VAAW+B7N2qL3N4oYy9q8hJ4dVvG2n3xk1m0a2Q3w4E5r6T7y8U9i0O1p2A3s4D5f6G7h8J9k0L1m2N3A==}
    peerDependencies:
      picomatch: ^3 || ^4
    peerDependenciesMeta:
      picomatch:
        optional: true

  file-entry-cache@8.0.0:
    resolution: {integrity: sha512-3S9QF0xKQv7q1iY6Gv5xN5f5d7z9F2a9e4b6c1D0E8F7G5H4I3J2K1L0M9N8O7P6Q5R4S3T2U1V0W9X8Y7Z6A==}
    engines: {node: '>=16.0.0'}
    dependencies:
      flat-cache: 4.0.1

  find-up@5.0.0:
    resolution: {integrity: sha512-78/PZLRrE6F6Z+uA1mTFO4x8pAZfMzR6jv1ZoBCdQZdVyQDA4MZqjzF1mF6KoIO8b0WjM4Yy+VDF6l73qP6c6w==}
    engines: {node: '>=10'}
    dependencies:
      locate-path: 6.0.0
      path-exists: 4.0.0

  flat-cache@4.0.1:
    resolution: {integrity: sha512-f7e5q6I3nJ9r8Qw2tY2iJ0J6kX9V4cO3oQ8J1G5D9c3C4a5B6e7F8g9H0i1J2K3L4M5N6O7P8Q9R0S1T2U3V4A==}
    engines: {node: '>=16'}
    dependencies:
      flatted: 3.3.3
      keyv: 4.5.4

  flatted@3.3.3:
    resolution: {integrity: sha512-hL4wEnz3M7qgGJd4XH2N7v5A1C9B8D6E0F3G2H4I5J6K7L8M9N0O1P2Q3R4S5T6U7V8W9X0Y1Z2a3b4c5d6e7A==}

  get-tsconfig@4.13.2:
    resolution: {integrity: sha512-ZGqQ9f77w+1XrPnaDojWlH9eYHqYt6WjVw1hNn5qFQ0Pq7M2sR9c8e6d4b2a1Z3X5C7V9B0N2M4L6K8J0H2G4A==}
    dependencies:
      resolve-pkg-maps: 1.0.0

  glob-parent@6.0.2:
    resolution: {integrity: sha512-Qv9rQkY6yJ5m3N8v4T1w2X5Z8L0H7M1N9B3C6D2E4F5G7H8I9J0K1L2M3N4O5P6Q7R8S9T0U1V2W3X4Y5Z6A==}
    engines: {node: '>=10.13.0'}
    dependencies:
      is-glob: 4.0.3

  globals@16.5.0:
    resolution: {integrity: sha512-zv5eY+Vg3n2m1k0j9h8g7f6d5s4a3p2o1i0u9y8t7r6e5w4q3z2x1c0v9b8n7m6a5s4d3f2g1h0j9k8l7m6n5A==}
    engines: {node: '>=18'}

  has-flag@4.0.0:
    resolution: {integrity: sha512-EykJTzWKFbn5FptcVU7S7S9D+J+q8LkXn7l2v9OQ6N8a4w3S6R2P0T4Y8U1I5O9P3A7S1D5F9G3H7J1K5L9M3A==}
    engines: {node: '>=8'}

  ignore@5.3.2:
    resolution: {integrity: sha512-hsPj5YxZ2kT9A6oQ8lN4vP7uB3mC1dF5gH9jK2lM6nQ0rS4tV8xZ1aC5eG9iK3mO7qT1vX5zB9dF3hJ7lN1pR5A==}
    engines: {node: '>=4'}

  imurmurhash@0.1.4:
    resolution: {integrity: sha512-sAVy7Yx7ydvFb7zR0n5jvYH2lN9B4pM1tH7mJ4qW2vF6xS8nK1dQ5zC9aL3gT7uO0bV4eY8iP2sR6wA0kM4nQ==}
    engines: {node: '>=0.8.19'}

  is-extglob@2.1.1:
    resolution: {integrity: sha512-SbKbAN3blpIn/xRyHX/ZlqYYQ4E7TXQPmYrVj0PXpA/J9+16CPbM0CmHOxppYuaMo1Ue/wk+5P/hXycnl5gtyQ==}
    engines: {node: '>=0.10.0'}

  is-glob@4.0.3:
    resolution: {integrity: sha512-Q9W5YWN8fLmNhHsztAVMSFw+bArWrUOn4fPz3pFBPI8EbKgBtPeViLH50RWYGG/N8riZeDZijm63i7vKSbAnNg==}
    engines: {node: '>=0.10.0'}
    dependencies:
      is-extglob: 2.1.1

  isexe@2.0.0:
    resolution: {integrity: sha512-RHxMLp9Bbz8VURjC6zqGPZ+ReAzXMYRBikau/UsNIqpfBkfuUCuGnohwleR3JQDr6x0mz81ktIaAdmvSeCNX9g==}

  jiti@2.6.1:
    resolution: {integrity: sha512-Ffw4COeNkOCrr+G8OQG5lMwAGsXgaJlWO8k1f0G0e2P1oD2sM6a9qGkL4w7c9v3n5m1z0b2x4y6w8v0u2t4s6A==}
    hasBin: true

  js-yaml@4.1.1:
    resolution: {integrity: sha512-JRjAP1E1Z1K3R7gF9h6J2L5M8N0P3Q6T9V2Y5B8D1G4J7M0N3Q6T9W2Z5C8F1I4L7O0R3U6X9A2D5G8J1M4P7A==}
    hasBin: true
    dependencies:
      argparse: 2.0.1

  json-buffer@3.0.1:
    resolution: {integrity: sha512-EPMpaFznf62UJkxIfrW3jsVRg+rDe96xK38xCSJ4iL7K6P2M3N4B5V6C7X8Z9A0S1D2F3G4H5J6K7L8M9N0O1P2A==}

  json-schema-traverse@0.4.1:
    resolution: {integrity: sha512-N1+gkpqx7rKsN/NJ+gaNA+63x2Oyv/7LuYAT4kvv5RMneqaT0c5h8I3+TKVmJdVd1CqsFI+3kkAvEU2cM0O8xg==}

  json-stable-stringify-without-jsonify@1.0.1:
    resolution: {integrity: sha512-s5phJr0PtRBLu93xcJ5kKeOVMrw7vPKO2Q5T8X1A4D7G0J3M6P9S2V5Y8B1E4H7K0N3Q6T9W2Z5C8F1I4L7O0A==}

  keyv@4.5.4:
    resolution: {integrity: sha512-SSmLzGt+WoTpktG4b2pP7oQ1uT6vX4yZ8cN0mH3jK5lR7sV9wB1dF3hJ5nP7rT9vX1zB3dF5hJ7lN9pR1tV3xA==}
    dependencies:
      json-buffer: 3.0.1

  levn@0.4.1:
    resolution: {integrity: sha512-z4g/qk2XGJaKh+qM+2k9Eu9c0rJyBcGN4zgMxVQzG7F7C7k52Ggq+f4qW4jSMzCE9q6N1ZP2x9H3C9zQZbE1YA==}
    engines: {node: '>= 0.8.0'}
    dependencies:
      prelude-ls: 1.2.1
      type-check: 0.4.0

  locate-path@6.0.0:
    resolution: {integrity: sha512-iZ9X0x8hV+6Jp2z2+z6c8QJ1tP8vU3wQ5yY7rT1eG4hJ6lN8pR0tV2xZ4cF6hJ8lN0pR2tV4xZ6bD8fH0jL2N4A==}
    engines: {node: '>=10'}
    dependencies:
      p-locate: 5.0.0

  lodash.merge@4.6.2:
    resolution: {integrity: sha512-0VhOReePuRHnzCPHCKXQTXeyv+OwJ8atx9l8NZ1K0s69QgQxO5zG7dY4V6A2C8F1H4J7L0N3Q6T9W2Z5C8F1I4A==}

  loupe@3.2.1:
    resolution: {integrity: sha512-Cdzqow0CGVHIAl94WFPKgzhDP+evbiGkUC4jURSkKk25c68kZ9g5jD3H1F7J5L9N3P1R5T7V9X1Z3B5D7F9H1A==}

  magic-string@0.30.21:
    resolution: {integrity: sha512-u2b/Kgdnt03RWyE49DbO6bS7Q3K4hB6nM8pR0tV2xZ4cF6hJ8lN0pR2tV4xZ6bD8fH0jL2N4P6R8T0V2X4Z6A==}
    dependencies:
      '@jridgewell/sourcemap-codec': 1.5.5

  minimatch@3.1.2:
    resolution: {integrity: sha512-jK0mH45eOWTj98J2S61pUP2+EDueuJq1qF6w7Z8x9C0v1B2n3M4L5K6J7H8G9F0D1S2A3P4O5I6U7Y8T9R0E1W2Q==}
    dependencies:
      brace-expansion: 1.1.12

  minimatch@10.2.4:
    resolution: {integrity: sha512-ls6B9M2x0Q7dF3hJ9nP5rT1vX7zB3dF9hJ5lN1pR7tV3xZ9bD5fH1jL7nP3rT9vX5zB1dF7hJ3lN9pR5tV1xA==}
    engines: {node: 20 || >=22}
    dependencies:
      '@isaacs/brace-expansion': 5.0.0

  ms@2.1.3:
    resolution: {integrity: sha512-6Fls3K5vYgKJfZpG9yR1U5W7Q3T5vX1zB3dF5hJ7lN9pR1tV3xZ5bD7fH9jL1nP3rT5vX7zB9dF1hJ3lN5pR7A==}

  nanoid@3.3.11:
    resolution: {integrity: sha512-N8qGi9Pp1Q6S3V5Y7B9D1F3H5J7L9N1P3R5T7V9X1Z3B5D7F9H1J3L5N7P9R1T3V5X7Z9B1D3F5H7J9L1N3A==}
    engines: {node: ^10 || ^12 || ^13.7 || ^14 || >=15.0.1}
    hasBin: true

  natural-compare@1.4.0:
    resolution: {integrity: sha512-OWND8ei3VY6HF5x2G5w8xwE4j1tY6vU3rS1pN7mL5kJ3hG9fD7sA5qW3eR1tY7uI9oP5aS3dF1gH7jK9lM5nQ==}

  optionator@0.9.4:
    resolution: {integrity: sha512-tMl/CIDOBZ/q1R5T7V9X1Z3B5D7F9H1J3L5N7P9R1T3V5X7Z9B1D3F5H7J9L1N3P5R7T9V1X3Z5B7D9F1H3J5A==}
    engines: {node: '>= 0.8.0'}
    dependencies:
      deep-is: 0.1.4
      fast-levenshtein: 2.0.6
      levn: 0.4.1
      prelude-ls: 1.2.1
      type-check: 0.4.0
      word-wrap: 1.2.5

  p-limit@3.1.0:
    resolution: {integrity: sha512-Y7mpb5BDsUsS+z0z60sP5pAqCwqql/x1UFeBaEvHX7sGzJ8jV6B3N2mL4K9R0Q1W2E3R4T5Y6U7I8O9P0A1S2D3F4A==}
    engines: {node: '>=10'}
    dependencies:
      yocto-queue: 0.1.0

  p-locate@5.0.0:
    resolution: {integrity: sha512-LaNjtRWUBY++zB83RAIvP4NlWZ8P6D2F5H7J9L1N3P5R7T9V1X3Z5B7D9F1H3J5L7N9P1R3T5V7X9Z1B3D5F7A==}
    engines: {node: '>=10'}
    dependencies:
      p-limit: 3.1.0

  parent-module@1.0.1:
    resolution: {integrity: sha512-gW0rB1C2D3E4F5G6H7I8J9K0L1M2N3O4P5Q6R7S8T9U0V1W2X3Y4Z5A6B7C8D9E0F1G2H3I4J5K6L7M8N9O0P1A==}
    engines: {node: '>=6'}
    dependencies:
      callsites: 3.1.0

  path-exists@4.0.0:
    resolution: {integrity: sha512-vC6r9Q2sV5yB8D1F4H7J0L3N6P9R2T5V8X1Z4B7D0F3H6J9L2N5P8R1T4V7X0Z3B6D9F2H5J8L1N4P7R0T3V6A==}
    engines: {node: '>=8'}

  path-key@3.1.1:
    resolution: {integrity: sha512-c5O0x1E2zK3vL4bN5mM6nO7pP8qQ9rR0sS1tT2uU3vV4wW5xX6yY7zZ8aA9bB0cC1dD2eE3fF4gG5hH6iI7jJ8A==}
    engines: {node: '>=8'}

  pathval@2.0.1:
    resolution: {integrity: sha512-AKQ3a4B5c6D7e8F9g0H1i2J3k4L5m6N7o8P9q0R1s2T3u4V5w6X7y8Z9a0B1c2D3e4F5g6H7i8J9k0L1m2N3A==}
    engines: {node: '>= 14.16'}

  picocolors@1.1.1:
    resolution: {integrity: sha512-xd4K5L6m7N8o9P0q1R2s3T4u5V6w7X8y9Z0a1B2c3D4e5F6g7H8i9J0k1L2m3N4o5P6q7R8s9T0u1V2w3X4A==}

  picomatch@4.0.7:
    resolution: {integrity: sha512-AKQ3P4d5E6f7G8h9I0j1K2l3M4n5O6p7Q8r9S0t1U2v3W4x5Y6z7A8b9C0d1E2f3G4h5I6j7K8l9M0n1O2p3A==}
    engines: {node: '>=12'}

  postcss@8.5.8:
    resolution: {integrity: sha512-RqjBbG5H8I1J4K7L0M3N6O9P2Q5R8S1T4U7V0W3X6Y9Z2A5B8C1D4E7F0G3H6I9J2K5L8M1N4O7P0Q3R6S9A==}
    engines: {node: ^10 || ^12 || >=14}
    dependencies:
      nanoid: 3.3.11
      picocolors: 1.1.1
      source-map-js: 1.2.1

  prelude-ls@1.2.1:
    resolution: {integrity: sha512-vxCd5e6F7g8H9i0J1k2L3m4N5o6P7q8R9s0T1u2V3w4X5y6Z7a8B9c0D1e2F3g4H5i6J7k8L9m0N1o2P3q4R5A==}
    engines: {node: '>= 0.8.0'}

  prettier@3.9.6:
    resolution: {integrity: sha512-F7xQ3mN6pR9vT2zW5bE8hK1nQ4tX7aA0dD3gG6jJ9mM2pP5sS8vV1yY4bB7eE0hH3kK6nN9qQ2tT5wW8zZ1cC4A==}
    engines: {node: '>=14'}
    hasBin: true

  punycode@2.3.1:
    resolution: {integrity: sha512-9l8k7j6h5g4f3d2s1a0p9o8i7u6y5t4r3e2w1q0z9x8c7v6b5n4m3l2k1j0h9g8f7d6s5a4p3o2i1u0y9t8r7e6A==}
    engines: {node: '>=6'}

  resolve-pkg-maps@1.0.0:
    resolution: {integrity: sha512-seiI0j1K2l3M4n5O6p7Q8r9S0t1U2v3W4x5Y6z7A8b9C0d1E2f3G4h5I6j7K8l9M0n1O2p3Q4r5S6t7U8v9W0A==}

  rollup@4.59.0:
    resolution: {integrity: sha512-kF1d2S3a4P5o6I7u8Y9t0R1e2W3q4Z5x6C7v8B9n0M1l2K3j4H5g6F7d8S9a0P1o2I3u4Y5t6R7e8W9q0Z1x2C3A==}
    engines: {node: '>=18.0.0', npm: '>=8.0.0'}
    hasBin: true

  shebang-command@2.0.0:
    resolution: {integrity: sha512-kXy1z2A3b4C5d6E7f8G9h0I1j2K3l4M5n6O7p8Q9r0S1t2U3v4W5x6Y7z8A9b0C1d2E3f4G5h6I7j8K9l0M1A==}
    engines: {node: '>=8'}
    dependencies:
      shebang-regex: 3.0.0

  shebang-regex@3.0.0:
    resolution: {integrity: sha512-vxT2A3b4C5d6E7f8G9h0I1j2K3l4M5n6O7p8Q9r0S1t2U3v4W5x6Y7z8A9b0C1d2E3f4G5h6I7j8K9l0M1n2A==}
    engines: {node: '>=8'}

  siginfo@2.0.0:
    resolution: {integrity: sha512-xYz3A4b5C6d7E8f9G0h1I2j3K4l5M6n7O8p9Q0r1S2t3U4v5W6x7Y8z9A0b1C2d3E4f5G6h7I8j9K0l1M2n3A==}

  source-map-js@1.2.1:
    resolution: {integrity: sha512-FcA4B5c6D7e8F9g0H1i2J3k4L5m6N7o8P9q0R1s2T3u4V5w6X7y8Z9a0B1c2D3e4F5g6H7i8J9k0L1m2N3o4A==}
    engines: {node: '>=0.10.0'}

  stackback@0.0.2:
    resolution: {integrity: sha512-B5c6D7e8F9g0H1i2J3k4L5m6N7o8P9q0R1s2T3u4V5w6X7y8Z9a0B1c2D3e4F5g6H7i8J9k0L1m2N3o4P5q6A==}

  std-env@3.10.0:
    resolution: {integrity: sha512-C6d7E8f9G0h1I2j3K4l5M6n7O8p9Q0r1S2t3U4v5W6x7Y8z9A0b1C2d3E4f5G6h7I8j9K0l1M2n3O4p5Q6r7A==}

  strip-json-comments@3.1.1:
    resolution: {integrity: sha512-D7e8F9g0H1i2J3k4L5m6N7o8P9q0R1s2T3u4V5w6X7y8Z9a0B1c2D3e4F5g6H7i8J9k0L1m2N3o4P5q6R7s8A==}
    engines: {node: '>=8'}

  supports-color@7.2.0:
    resolution: {integrity: sha512-E8f9G0h1I2j3K4l5M6n7O8p9Q0r1S2t3U4v5W6x7Y8z9A0b1C2d3E4f5G6h7I8j9K0l1M2n3O4p5Q6r7S8t9A==}
    engines: {node: '>=8'}
    dependencies:
      has-flag: 4.0.0

  tinybench@2.9.0:
    resolution: {integrity: sha512-F9g0H1i2J3k4L5m6N7o8P9q0R1s2T3u4V5w6X7y8Z9a0B1c2D3e4F5g6H7i8J9k0L1m2N3o4P5q6R7s8T9u0A==}

  tinyexec@0.3.2:
    resolution: {integrity: sha512-G0h1I2j3K4l5M6n7O8p9Q0r1S2t3U4v5W6x7Y8z9A0b1C2d3E4f5G6h7I8j9K0l1M2n3O4p5Q6r7S8t9U0v1A==}

  tinyglobby@0.2.15:
    resolution: {integrity: sha512-H1i2J3k4L5m6N7o8P9q0R1s2T3u4V5w6X7y8Z9a0B1c2D3e4F5g6H7i8J9k0L1m2N3o4P5q6R7s8T9u0V1w2A==}
    engines: {node: '>=12.0.0'}
    dependencies:
      fdir: 6.5.0(picomatch@4.0.7)
      picomatch: 4.0.7

  tinypool@1.1.1:
    resolution: {integrity: sha512-I2j3K4l5M6n7O8p9Q0r1S2t3U4v5W6x7Y8Z9a0B1c2D3e4F5g6H7i8J9k0L1m2N3o4P5q6R7s8T9u0V1w2X3A==}
    engines: {node: ^18.0.0 || >=20.0.0}

  tinyrainbow@2.0.0:
    resolution: {integrity: sha512-J3k4L5m6N7o8P9q0R1s2T3u4V5w6X7y8Z9a0B1c2D3e4F5g6H7i8J9k0L1m2N3o4P5q6R7s8T9u0V1w2X3y4A==}
    engines: {node: '>=14.0.0'}

  tinyspy@4.0.4:
    resolution: {integrity: sha512-K4l5M6n7O8p9Q0r1S2t3U4v5W6x7Y8Z9a0B1c2D3e4F5g6H7i8J9k0L1m2N3o4P5q6R7s8T9u0V1w2X3y4Z5A==}
    engines: {node: '>=14.0.0'}

  ts-api-utils@2.4.0:
    resolution: {integrity: sha512-L5m6N7o8P9q0R1s2T3u4V5w6X7y8Z9a0B1c2D3e4F5g6H7i8J9k0L1m2N3o4P5q6R7s8T9u0V1w2X3y4Z5a6A==}
    engines: {node: '>=18.12'}
    peerDependencies:
      typescript: '>=4.8.4'

  type-check@0.4.0:
    resolution: {integrity: sha512-M6n7O8p9Q0r1S2t3U4v5W6x7Y8Z9a0B1c2D3e4F5g6H7i8J9k0L1m2N3o4P5q6R7s8T9u0V1w2X3y4Z5a6B7A==}
    engines: {node: '>= 0.8.0'}
    dependencies:
      prelude-ls: 1.2.1

  typescript-eslint@8.70.0:
    resolution: {integrity: sha512-N7o8P9q0R1s2T3u4V5w6X7y8Z9a0B1c2D3e4F5g6H7i8J9k0L1m2N3o4P5q6R7s8T9u0V1w2X3y4Z5a6B7c8A==}
    engines: {node: ^18.18.0 || ^20.9.0 || >=21.1.0}
    peerDependencies:
      eslint: ^8.57.0 || ^9.0.0 || ^10.0.0
      typescript: '>=4.8.4 <6.0.0'
    dependencies:
      '@typescript-eslint/eslint-plugin': 8.70.0(@typescript-eslint/parser@8.70.0(eslint@9.39.5)(typescript@5.9.3))(eslint@9.39.5)(typescript@5.9.3)
      '@typescript-eslint/parser': 8.70.0(eslint@9.39.5)(typescript@5.9.3)
      '@typescript-eslint/typescript-estree': 8.70.0(typescript@5.9.3)
      '@typescript-eslint/utils': 8.70.0(eslint@9.39.5)(typescript@5.9.3)
      eslint: 9.39.5
      typescript: 5.9.3

  typescript@5.9.3:
    resolution: {integrity: sha512-OE8yX7z6W5v4U3t2S1r0Q9p8O7n6M5l4K3j2I1h0G9f8E7d6C5b4A3z2Y1x0W9v8U7t6S5r4Q3p2O1n0M9l8K7A==}
    engines: {node: '>=14.17'}
    hasBin: true

  undici-types@6.21.0:
    resolution: {integrity: sha512-P9q0R1s2T3u4V5w6X7y8Z9a0B1c2D3e4F5g6H7i8J9k0L1m2N3o4P5q6R7s8T9u0V1w2X3y4Z5a6B7c8D9A==}

  uri-js@4.4.1:
    resolution: {integrity: sha512-Q0r1S2t3U4v5W6x7Y8Z9a0B1c2D3e4F5g6H7i8J9k0L1m2N3o4P5q6R7s8T9u0V1w2X3y4Z5a6B7c8D9e0A==}
    dependencies:
      punycode: 2.3.1

  vite@7.3.1:
    resolution: {integrity: sha512-R1s2T3u4V5w6X7y8Z9a0B1c2D3e4F5g6H7i8J9k0L1m2N3o4P5q6R7s8T9u0V1w2X3y4Z5a6B7c8D9e0F1A==}
    engines: {node: ^20.19.0 || >=22.12.0}
    hasBin: true
    peerDependencies:
      '@types/node': ^20.19.0 || >=22.12.0
      jiti: '>=1.21.0'
      less: ^4.0.0
      lightningcss: ^1.21.0
      sass: ^1.70.0
      sass-embedded: ^1.70.0
      stylus: '>=0.54.8'
      sugarss: ^5.0.0
      terser: ^5.16.0
      tsx: ^4.8.1
      yaml: ^2.4.2
    peerDependenciesMeta:
      '@types/node':
        optional: true
      jiti:
        optional: true
      less:
        optional: true
      lightningcss:
        optional: true
      sass:
        optional: true
      sass-embedded:
        optional: true
      stylus:
        optional: true
      sugarss:
        optional: true
      terser:
        optional: true
      tsx:
        optional: true
      yaml:
        optional: true
    dependencies:
      esbuild: 0.28.2
      fdir: 6.5.0(picomatch@4.0.7)
      picomatch: 4.0.7
      postcss: 8.5.8
      rollup: 4.59.0
      tinyglobby: 0.2.15

  vitest@3.2.7:
    resolution: {integrity: sha512-S2t3U4v5W6x7Y8Z9a0B1c2D3e4F5g6H7i8J9k0L1m2N3o4P5q6R7s8T9u0V1w2X3y4Z5a6B7c8D9e0F1g2A==}
    engines: {node: ^18.0.0 || ^20.0.0 || >=22.0.0}
    hasBin: true
    peerDependencies:
      '@edge-runtime/vm': '*'
      '@types/debug': ^4.1.12
      '@types/node': ^18.0.0 || ^20.0.0 || >=22.0.0
      '@vitest/browser': 3.2.7
      '@vitest/ui': 3.2.7
      happy-dom: '*'
      jsdom: '*'
    peerDependenciesMeta:
      '@edge-runtime/vm':
        optional: true
      '@types/debug':
        optional: true
      '@types/node':
        optional: true
      '@vitest/browser':
        optional: true
      '@vitest/ui':
        optional: true
      happy-dom:
        optional: true
      jsdom:
        optional: true
    dependencies:
      '@types/chai': 5.2.3
      '@vitest/expect': 3.2.7
      '@vitest/mocker': 3.2.7(vite@7.3.1(@types/node@22.20.1))
      '@vitest/pretty-format': 3.2.7
      '@vitest/runner': 3.2.7
      '@vitest/snapshot': 3.2.7
      '@vitest/spy': 3.2.7
      '@vitest/utils': 3.2.7
      chai: 5.3.3
      debug: 4.4.3
      expect-type: 1.3.0
      magic-string: 0.30.21
      pathe: 2.0.3
      picomatch: 4.0.7
      std-env: 3.10.0
      tinybench: 2.9.0
      tinyexec: 0.3.2
      tinyglobby: 0.2.15
      tinypool: 1.1.1
      tinyrainbow: 2.0.0
      tinyspy: 4.0.4
      vite: 7.3.1(@types/node@22.20.1)
      vite-node: 3.2.7(@types/node@22.20.1)
      why-is-node-running: 2.3.0

  which@2.0.2:
    resolution: {integrity: sha512-T8u9V0w1X2y3Z4a5B6c7D8e9F0g1H2i3J4k5L6m7N8o9P0q1R2s3T4u5V6w7X8y9Z0a1B2c3D4e5F6g7H8i9A==}
    engines: {node: '>= 8'}
    hasBin: true
    dependencies:
      isexe: 2.0.0

  word-wrap@1.2.5:
    resolution: {integrity: sha512-U9v0W1x2Y3z4A5b6C7d8E9f0G1h2I3j4K5l6M7n8O9p0Q1r2S3t4U5v6W7x8Y9z0A1b2C3d4E5f6G7h8I9j0A==}
    engines: {node: '>=0.10.0'}

  why-is-node-running@2.3.0:
    resolution: {integrity: sha512-V0w1X2y3Z4a5B6c7D8e9F0g1H2i3J4k5L6m7N8o9P0q1R2s3T4u5V6w7X8y9Z0a1B2c3D4e5F6g7H8i9J0k1A==}
    engines: {node: '>=8'}
    hasBin: true
    dependencies:
      siginfo: 2.0.0
      stackback: 0.0.2

  yocto-queue@0.1.0:
    resolution: {integrity: sha512-W1x2Y3z4A5b6C7d8E9f0G1h2I3j4K5l6M7n8O9p0Q1r2S3t4U5v6W7x8Y9z0A1b2C3d4E5f6G7h8I9j0K1l2A==}
    engines: {node: '>=10'}
